
Microsoft Visual Studio Solution File, Format Version 12.00
# Visual Studio Version 17
VisualStudioVersion = 17.0.31903.59
MinimumVisualStudioVersion = 10.0.40219.1
Project("{2150E333-8FDC-42A3-9474-1A3956D46DE8}") = "src", "src", "{827E0CD3-B72D-47B6-A68D-7590B98EB39B}"
EndProject
Project("{FAE04EC0-301F-11D3-BF4B-00C04F79EFBC}") = "Core", "src\Core\Core.csproj", "{77007545-7C22-45D8-B0C6-7D754D40EBF2}"
EndProject
Project("{FAE04EC0-301F-11D3-BF4B-00C04F79EFBC}") = "DTO", "src\DTO\DTO.csproj", "{4330827C-C747-4754-AEF5-69E9AB4FDD22}"
EndProject
Project("{FAE04EC0-301F-11D3-BF4B-00C04F79EFBC}") = "APIBackend", "src\APIBackend\APIBackend.csproj", "{D909E26C-4A44-4485-BE66-44DC98BC2145}"
EndProject
Project("{FAE04EC0-301F-11D3-BF4B-00C04F79EFBC}") = "ClientApp", "src\ClientApp\ClientApp.csproj", "{0D968462-1C85-4C18-BB73-8ADB02DD4301}"
EndProject
Global
	GlobalSection(SolutionConfigurationPlatforms) = preSolution
		Debug|Any CPU = Debug|Any CPU
		Debug|x64 = Debug|x64
		Debug|x86 = Debug|x86
		Release|Any CPU = Release|Any CPU
		Release|x64 = Release|x64
		Release|x86 = Release|x86
	EndGlobalSection
	GlobalSection(ProjectConfigurationPlatforms) = postSolution
		{77007545-7C22-45D8-B0C6-7D754D40EBF2}.Debug|Any CPU.ActiveCfg = Debug|Any CPU
		{77007545-7C22-45D8-B0C6-7D754D40EBF2}.Debug|Any CPU.Build.0 = Debug|Any CPU
		{77007545-7C22-45D8-B0C6-7D754D40EBF2}.Debug|x64.ActiveCfg = Debug|Any CPU
		{77007545-7C22-45D8-B0C6-7D754D40EBF2}.Debug|x64.Build.0 = Debug|Any CPU
		{77007545-7C22-45D8-B0C6-7D754D40EBF2}.Debug|x86.ActiveCfg = Debug|Any CPU
		{77007545-7C22-45D8-B0C6-7D754D40EBF2}.Debug|x86.Build.0 = Debug|Any CPU
		{77007545-7C22-45D8-B0C6-7D754D40EBF2}.Release|Any CPU.ActiveCfg = Release|Any CPU
		{77007545-7C22-45D8-B0C6-7D754D40EBF2}.Release|Any CPU.Build.0 = Release|Any CPU
		{77007545-7C22-45D8-B0C6-7D754D40EBF2}.Release|x64.ActiveCfg = Release|Any CPU
		{77007545-7C22-45D8-B0C6-7D754D40EBF2}.Release|x64.Build.0 = Release|Any CPU
		{77007545-7C22-45D8-B0C6-7D754D40EBF2}.Release|x86.ActiveCfg = Release|Any CPU
		{77007545-7C22-45D8-B0C6-7D754D40EBF2}.Release|x86.Build.0 = Release|Any CPU
		{4330827C-C747-4754-AEF5-69E9AB4FDD22}.Debug|Any CPU.ActiveCfg = Debug|Any CPU
		{4330827C-C747-4754-AEF5-69E9AB4FDD22}.Debug|Any CPU.Build.0 = Debug|Any CPU
		{4330827C-C747-4754-AEF5-69E9AB4FDD22}.Debug|x64.ActiveCfg = Debug|Any CPU
		{4330827C-C747-4754-AEF5-69E9AB4FDD22}.Debug|x64.Build.0 = Debug|Any CPU
		{4330827C-C747-4754-AEF5-69E9AB4FDD22}.Debug|x86.ActiveCfg = Debug|Any CPU
		{4330827C-C747-4754-AEF5-69E9AB4FDD22}.Debug|x86.Build.0 = Debug|Any CPU
		{4330827C-C747-4754-AEF5-69E9AB4FDD22}.Release|Any CPU.ActiveCfg = Release|Any CPU
		{4330827C-C747-4754-AEF5-69E9AB4FDD22}.Release|Any CPU.Build.0 = Release|Any CPU
		{4330827C-C747-4754-AEF5-69E9AB4FDD22}.Release|x64.ActiveCfg = Release|Any CPU
		{4330827C-C747-4754-AEF5-69E9AB4FDD22}.Release|x64.Build.0 = Release|Any CPU
		{4330827C-C747-4754-AEF5-69E9AB4FDD22}.Release|x86.ActiveCfg = Release|Any CPU
		{4330827C-C747-4754-AEF5-69E9AB4FDD22}.Release|x86.Build.0 = Release|Any CPU
		{D909E26C-4A44-4485-BE66-44DC98BC2145}.Debug|Any CPU.ActiveCfg = Debug|Any CPU
		{D909E26C-4A44-4485-BE66-44DC98BC2145}.Debug|Any CPU.Build.0 = Debug|Any CPU
		{D909E26C-4A44-4485-BE66-44DC98BC2145}.Debug|x64.ActiveCfg = Debug|Any CPU
		{D909E26C-4A44-4485-BE66-44DC98BC2145}.Debug|x64.Build.0 = Debug|Any CPU
		{D909E26C-4A44-4485-BE66-44DC98BC2145}.Debug|x86.ActiveCfg = Debug|Any CPU
		{D909E26C-4A44-4485-BE66-44DC98BC2145}.Debug|x86.Build.0 = Debug|Any CPU
		{D909E26C-4A44-4485-BE66-44DC98BC2145}.Release|Any CPU.ActiveCfg = Release|Any CPU
		{D909E26C-4A44-4485-BE66-44DC98BC2145}.Release|Any CPU.Build.0 = Release|Any CPU
		{D909E26C-4A44-4485-BE66-44DC98BC2145}.Release|x64.ActiveCfg = Release|Any CPU
		{D909E26C-4A44-4485-BE66-44DC98BC2145}.Release|x64.Build.0 = Release|Any CPU
		{D909E26C-4A44-4485-BE66-44DC98BC2145}.Release|x86.ActiveCfg = Release|Any CPU
		{D909E26C-4A44-4485-BE66-44DC98BC2145}.Release|x86.Build.0 = Release|Any CPU
		{0D968462-1C85-4C18-BB73-8ADB02DD4301}.Debug|Any CPU.ActiveCfg = Debug|Any CPU
		{0D968462-1C85-4C18-BB73-8ADB02DD4301}.Debug|Any CPU.Build.0 = Debug|Any CPU
		{0D968462-1C85-4C18-BB73-8ADB02DD4301}.Debug|x64.ActiveCfg = Debug|Any CPU
		{0D968462-1C85-4C18-BB73-8ADB02DD4301}.Debug|x64.Build.0 = Debug|Any CPU
		{0D968462-1C85-4C18-BB73-8ADB02DD4301}.Debug|x86.ActiveCfg = Debug|Any CPU
		{0D968462-1C85-4C18-BB73-8ADB02DD4301}.Debug|x86.Build.0 = Debug|Any CPU
		{0D968462-1C85-4C18-BB73-8ADB02DD4301}.Release|Any CPU.ActiveCfg = Release|Any CPU
		{0D968462-1C85-4C18-BB73-8ADB02DD4301}.Release|Any CPU.Build.0 = Release|Any CPU
		{0D968462-1C85-4C18-BB73-8ADB02DD4301}.Release|x64.ActiveCfg = Release|Any CPU
		{0D968462-1C85-4C18-BB73-8ADB02DD4301}.Release|x64.Build.0 = Release|Any CPU
		{0D968462-1C85-4C18-BB73-8ADB02DD4301}.Release|x86.ActiveCfg = Release|Any CPU
		{0D968462-1C85-4C18-BB73-8ADB02DD4301}.Release|x86.Build.0 = Release|Any CPU
	EndGlobalSection
	GlobalSection(SolutionProperties) = preSolution
		HideSolutionNode = FALSE
	EndGlobalSection
	GlobalSection(NestedProjects) = preSolution
		{77007545-7C22-45D8-B0C6-7D754D40EBF2} = {827E0CD3-B72D-47B6-A68D-7590B98EB39B}
		{4330827C-C747-4754-AEF5-69E9AB4FDD22} = {827E0CD3-B72D-47B6-A68D-7590B98EB39B}
		{D909E26C-4A44-4485-BE66-44DC98BC2145} = {827E0CD3-B72D-47B6-A68D-7590B98EB39B}
		{0D968462-1C85-4C18-BB73-8ADB02DD4301} = {827E0CD3-B72D-47B6-A68D-7590B98EB39B}
	EndGlobalSection
EndGlobal
